schema: '2.0'
stages:
  create_dataset:
    cmd: python ./studentpredictor/create_dataset.py
    deps:
    - path: ./studentpredictor/create_dataset.py
      md5: 88131f4abc004d6699622027ca49abb2
      size: 814
    params:
      params.yaml:
        create_dataset.SEED: 20170428
    outs:
    - path: ./assets/data
      md5: 5f2f16d08bc79a25938a066446b8e989.dir
      size: 694076
      nfiles: 2
  create_features:
    cmd: python ./studentpredictor/create_features.py
    deps:
    - path: ./assets/data
      md5: 5f2f16d08bc79a25938a066446b8e989.dir
      size: 694076
      nfiles: 2
    - path: ./studentpredictor/create_features.py
      md5: 6985ce2a4ee9ce1871e32b50ec2d5b3c
      size: 1043
    outs:
    - path: ./assets/features
      md5: d59fcd99c4623417aacf25e8d21cb597.dir
      size: 74829
      nfiles: 4
  train_model:
    cmd: python ./studentpredictor/train_model.py
    deps:
    - path: ./assets/features
      md5: d59fcd99c4623417aacf25e8d21cb597.dir
      size: 74829
      nfiles: 4
    - path: ./studentpredictor/train_model.py
      md5: 2a381e54df6eb3252a5f1af3d791e8d1
      size: 766
    outs:
    - path: ./assets/models
      md5: ba940be65ee66361b4dbc33599036506.dir
      size: 870253
      nfiles: 1
  evaluate_model:
    cmd: python ./studentpredictor/evaluate_model.py
    deps:
    - path: ./assets/models
      md5: ba940be65ee66361b4dbc33599036506.dir
      size: 870253
      nfiles: 1
    - path: ./studentpredictor/evaluate_model.py
      md5: 33a02aad1a33bd157e19075580816145
      size: 780
    outs:
    - path: ./assets/metrics.json
      md5: 763ebc3915ad23cc8e501e43adf146bd
      size: 61
